// !$*UTF8*$!
{
	archiveVersion = 1;
	classes = {
	};
	objectVersion = 55;
	objects = {

/* Begin PBXBuildFile section */
		9564DC2128A18D4C00AF784C /* AppDelegate.swift in Sources */ = {isa = PBXBuildFile; fileRef = 9564DC2028A18D4C00AF784C /* AppDelegate.swift */; };
		9564DC2328A18D4C00AF784C /* SceneDelegate.swift in Sources */ = {isa = PBXBuildFile; fileRef = 9564DC2228A18D4C00AF784C /* SceneDelegate.swift */; };
		9564DC2528A18D4C00AF784C /* ViewController.swift in Sources */ = {isa = PBXBuildFile; fileRef = 9564DC2428A18D4C00AF784C /* ViewController.swift */; };
		9564DC2828A18D4C00AF784C /* Main.storyboard in Resources */ = {isa = PBXBuildFile; fileRef = 9564DC2628A18D4C00AF784C /* Main.storyboard */; };
		9564DC2A28A18D4C00AF784C /* Assets.xcassets in Resources */ = {isa = PBXBuildFile; fileRef = 9564DC2928A18D4C00AF784C /* Assets.xcassets */; };
		9564DC2D28A18D4C00AF784C /* LaunchScreen.storyboard in Resources */ = {isa = PBXBuildFile; fileRef = 9564DC2B28A18D4C00AF784C /* LaunchScreen.storyboard */; };
		9564DC3828A18D4C00AF784C /* IntegrationTests.swift in Sources */ = {isa = PBXBuildFile; fileRef = 9564DC3728A18D4C00AF784C /* IntegrationTests.swift */; };
		9564DC4228A18D4C00AF784C /* IntegrationUITests.swift in Sources */ = {isa = PBXBuildFile; fileRef = 9564DC4128A18D4C00AF784C /* IntegrationUITests.swift */; };
		9564DC4428A18D4C00AF784C /* IntegrationUITestsLaunchTests.swift in Sources */ = {isa = PBXBuildFile; fileRef = 9564DC4328A18D4C00AF784C /* IntegrationUITestsLaunchTests.swift */; };
/* End PBXBuildFile section */

/* Begin PBXContainerItemProxy section */
		9564DC3428A18D4C00AF784C /* PBXContainerItemProxy */ = {
			isa = PBXContainerItemProxy;
			containerPortal = 9564DC1528A18D4C00AF784C /* Project object */;
			proxyType = 1;
			remoteGlobalIDString = 9564DC1C28A18D4C00AF784C;
			remoteInfo = Integration;
		};
		9564DC3E28A18D4C00AF784C /* PBXContainerItemProxy */ = {
			isa = PBXContainerItemProxy;
			containerPortal = 9564DC1528A18D4C00AF784C /* Project object */;
			proxyType = 1;
			remoteGlobalIDString = 9564DC1C28A18D4C00AF784C;
			remoteInfo = Integration;
		};
/* End PBXContainerItemProxy section */

/* Begin PBXFileReference section */
		9564DC1D28A18D4C00AF784C /* Integration.app */ = {isa = PBXFileReference; explicitFileType = wrapper.application; includeInIndex = 0; path = Integration.app; sourceTree = BUILT_PRODUCTS_DIR; };
		9564DC2028A18D4C00AF784C /* AppDelegate.swift */ = {isa = PBXFileReference; lastKnownFileType = sourcecode.swift; path = AppDelegate.swift; sourceTree = "<group>"; };
		9564DC2228A18D4C00AF784C /* SceneDelegate.swift */ = {isa = PBXFileReference; lastKnownFileType = sourcecode.swift; path = SceneDelegate.swift; sourceTree = "<group>"; };
		9564DC2428A18D4C00AF784C /* ViewController.swift */ = {isa = PBXFileReference; lastKnownFileType = sourcecode.swift; path = ViewController.swift; sourceTree = "<group>"; };
		9564DC2728A18D4C00AF784C /* Base */ = {isa = PBXFileReference; lastKnownFileType = file.storyboard; name = Base; path = Base.lproj/Main.storyboard; sourceTree = "<group>"; };
		9564DC2928A18D4C00AF784C /* Assets.xcassets */ = {isa = PBXFileReference; lastKnownFileType = folder.assetcatalog; path = Assets.xcassets; sourceTree = "<group>"; };
		9564DC2C28A18D4C00AF784C /* Base */ = {isa = PBXFileReference; lastKnownFileType = file.storyboard; name = Base; path = Base.lproj/LaunchScreen.storyboard; sourceTree = "<group>"; };
		9564DC2E28A18D4C00AF784C /* Info.plist */ = {isa = PBXFileReference; lastKnownFileType = text.plist.xml; path = Info.plist; sourceTree = "<group>"; };
		9564DC3328A18D4C00AF784C /* IntegrationTests.xctest */ = {isa = PBXFileReference; explicitFileType = wrapper.cfbundle; includeInIndex = 0; path = IntegrationTests.xctest; sourceTree = BUILT_PRODUCTS_DIR; };
		9564DC3728A18D4C00AF784C /* IntegrationTests.swift */ = {isa = PBXFileReference; lastKnownFileType = sourcecode.swift; path = IntegrationTests.swift; sourceTree = "<group>"; };
		9564DC3D28A18D4C00AF784C /* IntegrationUITests.xctest */ = {isa = PBXFileReference; explicitFileType = wrapper.cfbundle; includeInIndex = 0; path = IntegrationUITests.xctest; sourceTree = BUILT_PRODUCTS_DIR; };
		9564DC4128A18D4C00AF784C /* IntegrationUITests.swift */ = {isa = PBXFileReference; lastKnownFileType = sourcecode.swift; path = IntegrationUITests.swift; sourceTree = "<group>"; };
		9564DC4328A18D4C00AF784C /* IntegrationUITestsLaunchTests.swift */ = {isa = PBXFileReference; lastKnownFileType = sourcecode.swift; path = IntegrationUITestsLaunchTests.swift; sourceTree = "<group>"; };
/* End PBXFileReference section */

/* Begin PBXFrameworksBuildPhase section */
		9564DC1A28A18D4C00AF784C /* Frameworks */ = {
			isa = PBXFrameworksBuildPhase;
			buildActionMask = 2147483647;
			files = (
			);
			runOnlyForDeploymentPostprocessing = 0;
		};
		9564DC3028A18D4C00AF784C /* Frameworks */ = {
			isa = PBXFrameworksBuildPhase;
			buildActionMask = 2147483647;
			files = (
			);
			runOnlyForDeploymentPostprocessing = 0;
		};
		9564DC3A28A18D4C00AF784C /* Frameworks */ = {
			isa = PBXFrameworksBuildPhase;
			buildActionMask = 2147483647;
			files = (
			);
			runOnlyForDeploymentPostprocessing = 0;
		};
/* End PBXFrameworksBuildPhase section */

/* Begin PBXGroup section */
		9564DC1428A18D4C00AF784C = {
			isa = PBXGroup;
			children = (
				9564DC1F28A18D4C00AF784C /* Integration */,
				9564DC3628A18D4C00AF784C /* IntegrationTests */,
				9564DC4028A18D4C00AF784C /* IntegrationUITests */,
				9564DC1E28A18D4C00AF784C /* Products */,
			);
			sourceTree = "<group>";
		};
		9564DC1E28A18D4C00AF784C /* Products */ = {
			isa = PBXGroup;
			children = (
				9564DC1D28A18D4C00AF784C /* Integration.app */,
				9564DC3328A18D4C00AF784C /* IntegrationTests.xctest */,
				9564DC3D28A18D4C00AF784C /* IntegrationUITests.xctest */,
			);
			name = Products;
			sourceTree = "<group>";
		};
		9564DC1F28A18D4C00AF784C /* Integration */ = {
			isa = PBXGroup;
			children = (
				9564DC2028A18D4C00AF784C /* AppDelegate.swift */,
				9564DC2228A18D4C00AF784C /* SceneDelegate.swift */,
				9564DC2428A18D4C00AF784C /* ViewController.swift */,
				9564DC2628A18D4C00AF784C /* Main.storyboard */,
				9564DC2928A18D4C00AF784C /* Assets.xcassets */,
				9564DC2B28A18D4C00AF784C /* LaunchScreen.storyboard */,
				9564DC2E28A18D4C00AF784C /* Info.plist */,
			);
			path = Integration;
			sourceTree = "<group>";
		};
		9564DC3628A18D4C00AF784C /* IntegrationTests */ = {
			isa = PBXGroup;
			children = (
				9564DC3728A18D4C00AF784C /* IntegrationTests.swift */,
			);
			path = IntegrationTests;
			sourceTree = "<group>";
		};
		9564DC4028A18D4C00AF784C /* IntegrationUITests */ = {
			isa = PBXGroup;
			children = (
				9564DC4128A18D4C00AF784C /* IntegrationUITests.swift */,
				9564DC4328A18D4C00AF784C /* IntegrationUITestsLaunchTests.swift */,
			);
			path = IntegrationUITests;
			sourceTree = "<group>";
		};
/* End PBXGroup section */

/* Begin PBXNativeTarget section */
		9564DC1C28A18D4C00AF784C /* Integration */ = {
			isa = PBXNativeTarget;
			buildConfigurationList = 9564DC4728A18D4C00AF784C /* Build configuration list for PBXNativeTarget "Integration" */;
			buildPhases = (
				9564DC1928A18D4C00AF784C /* Sources */,
				9564DC1A28A18D4C00AF784C /* Frameworks */,
				9564DC1B28A18D4C00AF784C /* Resources */,
			);
			buildRules = (
			);
			dependencies = (
			);
			name = Integration;
			productName = Integration;
			productReference = 9564DC1D28A18D4C00AF784C /* Integration.app */;
			productType = "com.apple.product-type.application";
		};
		9564DC3228A18D4C00AF784C /* IntegrationTests */ = {
			isa = PBXNativeTarget;
			buildConfigurationList = 9564DC4A28A18D4C00AF784C /* Build configuration list for PBXNativeTarget "IntegrationTests" */;
			buildPhases = (
				9564DC2F28A18D4C00AF784C /* Sources */,
				9564DC3028A18D4C00AF784C /* Frameworks */,
				9564DC3128A18D4C00AF784C /* Resources */,
			);
			buildRules = (
			);
			dependencies = (
				9564DC3528A18D4C00AF784C /* PBXTargetDependency */,
			);
			name = IntegrationTests;
			productName = IntegrationTests;
			productReference = 9564DC3328A18D4C00AF784C /* IntegrationTests.xctest */;
			productType = "com.apple.product-type.bundle.unit-test";
		};
		9564DC3C28A18D4C00AF784C /* IntegrationUITests */ = {
			isa = PBXNativeTarget;
			buildConfigurationList = 9564DC4D28A18D4C00AF784C /* Build configuration list for PBXNativeTarget "IntegrationUITests" */;
			buildPhases = (
				9564DC3928A18D4C00AF784C /* Sources */,
				9564DC3A28A18D4C00AF784C /* Frameworks */,
				9564DC3B28A18D4C00AF784C /* Resources */,
			);
			buildRules = (
			);
			dependencies = (
				9564DC3F28A18D4C00AF784C /* PBXTargetDependency */,
			);
			name = IntegrationUITests;
			productName = IntegrationUITests;
			productReference = 9564DC3D28A18D4C00AF784C /* IntegrationUITests.xctest */;
			productType = "com.apple.product-type.bundle.ui-testing";
		};
/* End PBXNativeTarget section */

/* Begin PBXProject section */
		9564DC1528A18D4C00AF784C /* Project object */ = {
			isa = PBXProject;
			attributes = {
				BuildIndependentTargetsInParallel = 1;
				LastSwiftUpdateCheck = 1330;
				LastUpgradeCheck = 1330;
				TargetAttributes = {
					9564DC1C28A18D4C00AF784C = {
						CreatedOnToolsVersion = 13.3;
					};
					9564DC3228A18D4C00AF784C = {
						CreatedOnToolsVersion = 13.3;
						TestTargetID = 9564DC1C28A18D4C00AF784C;
					};
					9564DC3C28A18D4C00AF784C = {
						CreatedOnToolsVersion = 13.3;
						TestTargetID = 9564DC1C28A18D4C00AF784C;
					};
				};
			};
			buildConfigurationList = 9564DC1828A18D4C00AF784C /* Build configuration list for PBXProject "Integration" */;
			compatibilityVersion = "Xcode 13.0";
			developmentRegion = en;
			hasScannedForEncodings = 0;
			knownRegions = (
				en,
				Base,
			);
			mainGroup = 9564DC1428A18D4C00AF784C;
			productRefGroup = 9564DC1E28A18D4C00AF784C /* Products */;
			projectDirPath = "";
			projectRoot = "";
			targets = (
				9564DC1C28A18D4C00AF784C /* Integration */,
				9564DC3228A18D4C00AF784C /* IntegrationTests */,
				9564DC3C28A18D4C00AF784C /* IntegrationUITests */,
			);
		};
/* End PBXProject section */

/* Begin PBXResourcesBuildPhase section */
		9564DC1B28A18D4C00AF784C /* Resources */ = {
			isa = PBXResourcesBuildPhase;
			buildActionMask = 2147483647;
			files = (
				9564DC2D28A18D4C00AF784C /* LaunchScreen.storyboard in Resources */,
				9564DC2A28A18D4C00AF784C /* Assets.xcassets in Resources */,
				9564DC2828A18D4C00AF784C /* Main.storyboard in Resources */,
			);
			runOnlyForDeploymentPostprocessing = 0;
		};
		9564DC3128A18D4C00AF784C /* Resources */ = {
			isa = PBXResourcesBuildPhase;
			buildActionMask = 2147483647;
			files = (
			);
			runOnlyForDeploymentPostprocessing = 0;
		};
		9564DC3B28A18D4C00AF784C /* Resources */ = {
			isa = PBXResourcesBuildPhase;
			buildActionMask = 2147483647;
			files = (
			);
			runOnlyForDeploymentPostprocessing = 0;
		};
/* End PBXResourcesBuildPhase section */

/* Begin PBXSourcesBuildPhase section */
		9564DC1928A18D4C00AF784C /* Sources */ = {
			isa = PBXSourcesBuildPhase;
			buildActionMask = 2147483647;
			files = (
				9564DC2528A18D4C00AF784C /* ViewController.swift in Sources */,
				9564DC2128A18D4C00AF784C /* AppDelegate.swift in Sources */,
				9564DC2328A18D4C00AF784C /* SceneDelegate.swift in Sources */,
			);
			runOnlyForDeploymentPostprocessing = 0;
		};
		9564DC2F28A18D4C00AF784C /* Sources */ = {
			isa = PBXSourcesBuildPhase;
			buildActionMask = 2147483647;
			files = (
				9564DC3828A18D4C00AF784C /* IntegrationTests.swift in Sources */,
			);
			runOnlyForDeploymentPostprocessing = 0;
		};
		9564DC3928A18D4C00AF784C /* Sources */ = {
			isa = PBXSourcesBuildPhase;
			buildActionMask = 2147483647;
			files = (
				9564DC4228A18D4C00AF784C /* IntegrationUITests.swift in Sources */,
				9564DC4428A18D4C00AF784C /* IntegrationUITestsLaunchTests.swift in Sources */,
			);
			runOnlyForDeploymentPostprocessing = 0;
		};
/* End PBXSourcesBuildPhase section */

/* Begin PBXTargetDependency section */
		9564DC3528A18D4C00AF784C /* PBXTargetDependency */ = {
			isa = PBXTargetDependency;
			target = 9564DC1C28A18D4C00AF784C /* Integration */;
			targetProxy = 9564DC3428A18D4C00AF784C /* PBXContainerItemProxy */;
		};
		9564DC3F28A18D4C00AF784C /* PBXTargetDependency */ = {
			isa = PBXTargetDependency;
			target = 9564DC1C28A18D4C00AF784C /* Integration */;
			targetProxy = 9564DC3E28A18D4C00AF784C /* PBXContainerItemProxy */;
		};
/* End PBXTargetDependency section */

/* Begin PBXVariantGroup section */
		9564DC2628A18D4C00AF784C /* Main.storyboard */ = {
			isa = PBXVariantGroup;
			children = (
				9564DC2728A18D4C00AF784C /* Base */,
			);
			name = Main.storyboard;
			sourceTree = "<group>";
		};
		9564DC2B28A18D4C00AF784C /* LaunchScreen.storyboard */ = {
			isa = PBXVariantGroup;
			children = (
				9564DC2C28A18D4C00AF784C /* Base */,
			);
			name = LaunchScreen.storyboard;
			sourceTree = "<group>";
		};
/* End PBXVariantGroup section */

/* Begin XCBuildConfiguration section */
		9564DC4528A18D4C00AF784C /* Debug */ = {
			isa = XCBuildConfiguration;
			buildSettings = {
				ALWAYS_SEARCH_USER_PATHS = NO;
				CLANG_ANALYZER_NONNULL = YES;
				CLANG_ANALYZER_NUMBER_OBJECT_CONVERSION = YES_AGGRESSIVE;
				CLANG_CXX_LANGUAGE_STANDARD = "gnu++17";
				CLANG_ENABLE_MODULES = YES;
				CLANG_ENABLE_OBJC_ARC = YES;
				CLANG_ENABLE_OBJC_WEAK = YES;
				CLANG_WARN_BLOCK_CAPTURE_AUTORELEASING = YES;
				CLANG_WARN_BOOL_CONVERSION = YES;
				CLANG_WARN_COMMA = YES;
				CLANG_WARN_CONSTANT_CONVERSION = YES;
				CLANG_WARN_DEPRECATED_OBJC_IMPLEMENTATIONS = YES;
				CLANG_WARN_DIRECT_OBJC_ISA_USAGE = YES_ERROR;
				CLANG_WARN_DOCUMENTATION_COMMENTS = YES;
				CLANG_WARN_EMPTY_BODY = YES;
				CLANG_WARN_ENUM_CONVERSION = YES;
				CLANG_WARN_INFINITE_RECURSION = YES;
				CLANG_WARN_INT_CONVERSION = YES;
				CLANG_WARN_NON_LITERAL_NULL_CONVERSION = YES;
				CLANG_WARN_OBJC_IMPLICIT_RETAIN_SELF = YES;
				CLANG_WARN_OBJC_LITERAL_CONVERSION = YES;
				CLANG_WARN_OBJC_ROOT_CLASS = YES_ERROR;
				CLANG_WARN_QUOTED_INCLUDE_IN_FRAMEWORK_HEADER = YES;
				CLANG_WARN_RANGE_LOOP_ANALYSIS = YES;
				CLANG_WARN_STRICT_PROTOTYPES = YES;
				CLANG_WARN_SUSPICIOUS_MOVE = YES;
				CLANG_WARN_UNGUARDED_AVAILABILITY = YES_AGGRESSIVE;
				CLANG_WARN_UNREACHABLE_CODE = YES;
				CLANG_WARN__DUPLICATE_METHOD_MATCH = YES;
				COPY_PHASE_STRIP = NO;
				DEBUG_INFORMATION_FORMAT = dwarf;
				ENABLE_STRICT_OBJC_MSGSEND = YES;
				ENABLE_TESTABILITY = YES;
				GCC_C_LANGUAGE_STANDARD = gnu11;
				GCC_DYNAMIC_NO_PIC = NO;
				GCC_NO_COMMON_BLOCKS = YES;
				GCC_OPTIMIZATION_LEVEL = 0;
				GCC_PREPROCESSOR_DEFINITIONS = (
					"DEBUG=1",
					"$(inherited)",
				);
				GCC_WARN_64_TO_32_BIT_CONVERSION = YES;
				GCC_WARN_ABOUT_RETURN_TYPE = YES_ERROR;
				GCC_WARN_UNDECLARED_SELECTOR = YES;
				GCC_WARN_UNINITIALIZED_AUTOS = YES_AGGRESSIVE;
				GCC_WARN_UNUSED_FUNCTION = YES;
				GCC_WARN_UNUSED_VARIABLE = YES;
				IPHONEOS_DEPLOYMENT_TARGET = 15.4;
				MTL_ENABLE_DEBUG_INFO = INCLUDE_SOURCE;
				MTL_FAST_MATH = YES;
				ONLY_ACTIVE_ARCH = YES;
				SDKROOT = iphoneos;
				SWIFT_ACTIVE_COMPILATION_CONDITIONS = DEBUG;
				SWIFT_OPTIMIZATION_LEVEL = "-Onone";
			};
			name = Debug;
		};
		9564DC4628A18D4C00AF784C /* Release */ = {
			isa = XCBuildConfiguration;
			buildSettings = {
				ALWAYS_SEARCH_USER_PATHS = NO;
				CLANG_ANALYZER_NONNULL = YES;
				CLANG_ANALYZER_NUMBER_OBJECT_CONVERSION = YES_AGGRESSIVE;
				CLANG_CXX_LANGUAGE_STANDARD = "gnu++17";
				CLANG_ENABLE_MODULES = YES;
				CLANG_ENABLE_OBJC_ARC = YES;
				CLANG_ENABLE_OBJC_WEAK = YES;
				CLANG_WARN_BLOCK_CAPTURE_AUTORELEASING = YES;
				CLANG_WARN_BOOL_CONVERSION = YES;
				CLANG_WARN_COMMA = YES;
				CLANG_WARN_CONSTANT_CONVERSION = YES;
				CLANG_WARN_DEPRECATED_OBJC_IMPLEMENTATIONS = YES;
				CLANG_WARN_DIRECT_OBJC_ISA_USAGE = YES_ERROR;
				CLANG_WARN_DOCUMENTATION_COMMENTS = YES;
				CLANG_WARN_EMPTY_BODY = YES;
				CLANG_WARN_ENUM_CONVERSION = YES;
				CLANG_WARN_INFINITE_RECURSION = YES;
				CLANG_WARN_INT_CONVERSION = YES;
				CLANG_WARN_NON_LITERAL_NULL_CONVERSION = YES;
				CLANG_WARN_OBJC_IMPLICIT_RETAIN_SELF = YES;
				CLANG_WARN_OBJC_LITERAL_CONVERSION = YES;
				CLANG_WARN_OBJC_ROOT_CLASS = YES_ERROR;
				CLANG_WARN_QUOTED_INCLUDE_IN_FRAMEWORK_HEADER = YES;
				CLANG_WARN_RANGE_LOOP_ANALYSIS = YES;
				CLANG_WARN_STRICT_PROTOTYPES = YES;
				CLANG_WARN_SUSPICIOUS_MOVE = YES;
				CLANG_WARN_UNGUARDED_AVAILABILITY = YES_AGGRESSIVE;
				CLANG_WARN_UNREACHABLE_CODE = YES;
				CLANG_WARN__DUPLICATE_METHOD_MATCH = YES;
				COPY_PHASE_STRIP = NO;
				DEBUG_INFORMATION_FORMAT = "dwarf-with-dsym";
				ENABLE_NS_ASSERTIONS = NO;
				ENABLE_STRICT_OBJC_MSGSEND = YES;
				GCC_C_LANGUAGE_STANDARD = gnu11;
				GCC_NO_COMMON_BLOCKS = YES;
				GCC_WARN_64_TO_32_BIT_CONVERSION = YES;
				GCC_WARN_ABOUT_RETURN_TYPE = YES_ERROR;
				GCC_WARN_UNDECLARED_SELECTOR = YES;
				GCC_WARN_UNINITIALIZED_AUTOS = YES_AGGRESSIVE;
				GCC_WARN_UNUSED_FUNCTION = YES;
				GCC_WARN_UNUSED_VARIABLE = YES;
				IPHONEOS_DEPLOYMENT_TARGET = 15.4;
				MTL_ENABLE_DEBUG_INFO = NO;
				MTL_FAST_MATH = YES;
				SDKROOT = iphoneos;
				SWIFT_COMPILATION_MODE = wholemodule;
				SWIFT_OPTIMIZATION_LEVEL = "-O";
				VALIDATE_PRODUCT = YES;
			};
			name = Release;
		};
		9564DC4828A18D4C00AF784C /* Debug */ = {
			isa = XCBuildConfiguration;
			buildSettings = {
				ASSETCATALOG_COMPILER_APPICON_NAME = AppIcon;
				ASSETCATALOG_COMPILER_GLOBAL_ACCENT_COLOR_NAME = AccentColor;
				CODE_SIGN_STYLE = Automatic;
				CURRENT_PROJECT_VERSION = 1;
				DEVELOPMENT_TEAM = 35GM6XG62S;
				GENERATE_INFOPLIST_FILE = YES;
				INFOPLIST_FILE = Integration/Info.plist;
				INFOPLIST_KEY_UIApplicationSupportsIndirectInputEvents = YES;
				INFOPLIST_KEY_UILaunchStoryboardName = LaunchScreen;
				INFOPLIST_KEY_UIMainStoryboardFile = Main;
				INFOPLIST_KEY_UISupportedInterfaceOrientations_iPad = "UIInterfaceOrientationPortrait UIInterfaceOrientationPortraitUpsideDown UIInterfaceOrientationLandscapeLeft UIInterfaceOrientationLandscapeRight";
				INFOPLIST_KEY_UISupportedInterfaceOrientations_iPhone = "UIInterfaceOrientationPortrait UIInterfaceOrientationLandscapeLeft UIInterfaceOrientationLandscapeRight";
				LD_RUNPATH_SEARCH_PATHS = (
					"$(inherited)",
					"@executable_path/Frameworks",
				);
				MARKETING_VERSION = 1.0;
				PRODUCT_BUNDLE_IDENTIFIER = Academy.Integration;
				PRODUCT_NAME = "$(TARGET_NAME)";
				SWIFT_EMIT_LOC_STRINGS = YES;
				SWIFT_VERSION = 5.0;
				TARGETED_DEVICE_FAMILY = "1,2";
			};
			name = Debug;
		};
		9564DC4928A18D4C00AF784C /* Release */ = {
			isa = XCBuildConfiguration;
			buildSettings = {
				ASSETCATALOG_COMPILER_APPICON_NAME = AppIcon;
				ASSETCATALOG_COMPILER_GLOBAL_ACCENT_COLOR_NAME = AccentColor;
				CODE_SIGN_STYLE = Automatic;
				CURRENT_PROJECT_VERSION = 1;
				DEVELOPMENT_TEAM = 35GM6XG62S;
				GENERATE_INFOPLIST_FILE = YES;
				INFOPLIST_FILE = Integration/Info.plist;
				INFOPLIST_KEY_UIApplicationSupportsIndirectInputEvents = YES;
				INFOPLIST_KEY_UILaunchStoryboardName = LaunchScreen;
				INFOPLIST_KEY_UIMainStoryboardFile = Main;
				INFOPLIST_KEY_UISupportedInterfaceOrientations_iPad = "UIInterfaceOrientationPortrait UIInterfaceOrientationPortraitUpsideDown UIInterfaceOrientationLandscapeLeft UIInterfaceOrientationLandscapeRight";
				INFOPLIST_KEY_UISupportedInterfaceOrientations_iPhone = "UIInterfaceOrientationPortrait UIInterfaceOrientationLandscapeLeft UIInterfaceOrientationLandscapeRight";
				LD_RUNPATH_SEARCH_PATHS = (
					"$(inherited)",
					"@executable_path/Frameworks",
				);
				MARKETING_VERSION = 1.0;
				PRODUCT_BUNDLE_IDENTIFIER = Academy.Integration;
				PRODUCT_NAME = "$(TARGET_NAME)";
				SWIFT_EMIT_LOC_STRINGS = YES;
				SWIFT_VERSION = 5.0;
				TARGETED_DEVICE_FAMILY = "1,2";
			};
			name = Release;
		};
		9564DC4B28A18D4C00AF784C /* Debug */ = {
			isa = XCBuildConfiguration;
			buildSettings = {
				ALWAYS_EMBED_SWIFT_STANDARD_LIBRARIES = YES;
				BUNDLE_LOADER = "$(TEST_HOST)";
				CODE_SIGN_STYLE = Automatic;
				CURRENT_PROJECT_VERSION = 1;
				DEVELOPMENT_TEAM = 35GM6XG62S;
				GENERATE_INFOPLIST_FILE = YES;
				IPHONEOS_DEPLOYMENT_TARGET = 15.4;
				MARKETING_VERSION = 1.0;
				PRODUCT_BUNDLE_IDENTIFIER = Academy.IntegrationTests;
				PRODUCT_NAME = "$(TARGET_NAME)";
				SWIFT_EMIT_LOC_STRINGS = NO;
				SWIFT_VERSION = 5.0;
				TARGETED_DEVICE_FAMILY = "1,2";
				TEST_HOST = "$(BUILT_PRODUCTS_DIR)/Integration.app/Integration";
			};
			name = Debug;
		};
		9564DC4C28A18D4C00AF784C /* Release */ = {
			isa = XCBuildConfiguration;
			buildSettings = {
				ALWAYS_EMBED_SWIFT_STANDARD_LIBRARIES = YES;
				BUNDLE_LOADER = "$(TEST_HOST)";
				CODE_SIGN_STYLE = Automatic;
				CURRENT_PROJECT_VERSION = 1;
				DEVELOPMENT_TEAM = 35GM6XG62S;
				GENERATE_INFOPLIST_FILE = YES;
				IPHONEOS_DEPLOYMENT_TARGET = 15.4;
				MARKETING_VERSION = 1.0;
				PRODUCT_BUNDLE_IDENTIFIER = Academy.IntegrationTests;
				PRODUCT_NAME = "$(TARGET_NAME)";
				SWIFT_EMIT_LOC_STRINGS = NO;
				SWIFT_VERSION = 5.0;
				TARGETED_DEVICE_FAMILY = "1,2";
				TEST_HOST = "$(BUILT_PRODUCTS_DIR)/Integration.app/Integration";
			};
			name = Release;
		};
		9564DC4E28A18D4C00AF784C /* Debug */ = {
			isa = XCBuildConfiguration;
			buildSettings = {
				ALWAYS_EMBED_SWIFT_STANDARD_LIBRARIES = YES;
				CODE_SIGN_STYLE = Automatic;
				CURRENT_PROJECT_VERSION = 1;
				DEVELOPMENT_TEAM = 35GM6XG62S;
				GENERATE_INFOPLIST_FILE = YES;
				MARKETING_VERSION = 1.0;
				PRODUCT_BUNDLE_IDENTIFIER = Academy.IntegrationUITests;
				PRODUCT_NAME = "$(TARGET_NAME)";
				SWIFT_EMIT_LOC_STRINGS = NO;
				SWIFT_VERSION = 5.0;
				TARGETED_DEVICE_FAMILY = "1,2";
				TEST_TARGET_NAME = Integration;
			};
			name = Debug;
		};
		9564DC4F28A18D4C00AF784C /* Release */ = {
			isa = XCBuildConfiguration;
			buildSettings = {
				ALWAYS_EMBED_SWIFT_STANDARD_LIBRARIES = YES;
				CODE_SIGN_STYLE = Automatic;
				CURRENT_PROJECT_VERSION = 1;
				DEVELOPMENT_TEAM = 35GM6XG62S;
				GENERATE_INFOPLIST_FILE = YES;
				MARKETING_VERSION = 1.0;
				PRODUCT_BUNDLE_IDENTIFIER = Academy.IntegrationUITests;
				PRODUCT_NAME = "$(TARGET_NAME)";
				SWIFT_EMIT_LOC_STRINGS = NO;
				SWIFT_VERSION = 5.0;
				TARGETED_DEVICE_FAMILY = "1,2";
				TEST_TARGET_NAME = Integration;
			};
			name = Release;
		};
/* End XCBuildConfiguration section */

/* Begin XCConfigurationList section */
		9564DC1828A18D4C00AF784C /* Build configuration list for PBXProject "Integration" */ = {
			isa = XCConfigurationList;
			buildConfigurations = (
				9564DC4528A18D4C00AF784C /* Debug */,
				9564DC4628A18D4C00AF784C /* Release */,
			);
			defaultConfigurationIsVisible = 0;
			defaultConfigurationName = Release;
		};
		9564DC4728A18D4C00AF784C /* Build configuration list for PBXNativeTarget "Integration" */ = {
			isa = XCConfigurationList;
			buildConfigurations = (
				9564DC4828A18D4C00AF784C /* Debug */,
				9564DC4928A18D4C00AF784C /* Release */,
			);
			defaultConfigurationIsVisible = 0;
			defaultConfigurationName = Release;
		};
		9564DC4A28A18D4C00AF784C /* Build configuration list for PBXNativeTarget "IntegrationTests" */ = {
			isa = XCConfigurationList;
			buildConfigurations = (
				9564DC4B28A18D4C00AF784C /* Debug */,
				9564DC4C28A18D4C00AF784C /* Release */,
			);
			defaultConfigurationIsVisible = 0;
			defaultConfigurationName = Release;
		};
		9564DC4D28A18D4C00AF784C /* Build configuration list for PBXNativeTarget "IntegrationUITests" */ = {
			isa = XCConfigurationList;
			buildConfigurations = (
				9564DC4E28A18D4C00AF784C /* Debug */,
				9564DC4F28A18D4C00AF784C /* Release */,
			);
			defaultConfigurationIsVisible = 0;
			defaultConfigurationName = Release;
		};
/* End XCConfigurationList section */
	};
	rootObject = 9564DC1528A18D4C00AF784C /* Project object */;
}
